// !$*UTF8*$!
{
	archiveVersion = 1;
	classes = {
	};
	objectVersion = 50;
	objects = {

/* Begin PBXBuildFile section */
		A886045B23EC010D009F426F /* library.framework in Frameworks */ = {isa = PBXBuildFile; fileRef = A886045A23EC010D009F426F /* library.framework */; };
		A886045C23EC010D009F426F /* library.framework in Embed Frameworks */ = {isa = PBXBuildFile; fileRef = A886045A23EC010D009F426F /* library.framework */; settings = {ATTRIBUTES = (CodeSignOnCopy, RemoveHeadersOnCopy, ); }; };
		A8E258FE23EBF892000E8E4B /* AppDelegate.swift in Sources */ = {isa = PBXBuildFile; fileRef = A8E258FD23EBF892000E8E4B /* AppDelegate.swift */; };
		A8E2590023EBF892000E8E4B /* SceneDelegate.swift in Sources */ = {isa = PBXBuildFile; fileRef = A8E258FF23EBF892000E8E4B /* SceneDelegate.swift */; };
		A8E2590223EBF892000E8E4B /* MainView.swift in Sources */ = {isa = PBXBuildFile; fileRef = A8E2590123EBF892000E8E4B /* MainView.swift */; };
		A8E2590423EBF895000E8E4B /* Assets.xcassets in Resources */ = {isa = PBXBuildFile; fileRef = A8E2590323EBF895000E8E4B /* Assets.xcassets */; };
		A8E2590723EBF895000E8E4B /* Preview Assets.xcassets in Resources */ = {isa = PBXBuildFile; fileRef = A8E2590623EBF895000E8E4B /* Preview Assets.xcassets */; };
		A8E2590A23EBF895000E8E4B /* LaunchScreen.storyboard in Resources */ = {isa = PBXBuildFile; fileRef = A8E2590823EBF895000E8E4B /* LaunchScreen.storyboard */; };
		A8E2591523EBF896000E8E4B /* OmegaEntitiesExampleTests.swift in Sources */ = {isa = PBXBuildFile; fileRef = A8E2591423EBF896000E8E4B /* OmegaEntitiesExampleTests.swift */; };
		A8E2592023EBF896000E8E4B /* OmegaEntitiesExampleUITests.swift in Sources */ = {isa = PBXBuildFile; fileRef = A8E2591F23EBF896000E8E4B /* OmegaEntitiesExampleUITests.swift */; };
		A8E2592F23EBFE99000E8E4B /* TextExamplesView.swift in Sources */ = {isa = PBXBuildFile; fileRef = A8E2592E23EBFE99000E8E4B /* TextExamplesView.swift */; };
/* End PBXBuildFile section */

/* Begin PBXContainerItemProxy section */
		A8E2591123EBF896000E8E4B /* PBXContainerItemProxy */ = {
			isa = PBXContainerItemProxy;
			containerPortal = A8E258F223EBF892000E8E4B /* Project object */;
			proxyType = 1;
			remoteGlobalIDString = A8E258F923EBF892000E8E4B;
			remoteInfo = OmegaEntitiesExample;
		};
		A8E2591C23EBF896000E8E4B /* PBXContainerItemProxy */ = {
			isa = PBXContainerItemProxy;
			containerPortal = A8E258F223EBF892000E8E4B /* Project object */;
			proxyType = 1;
			remoteGlobalIDString = A8E258F923EBF892000E8E4B;
			remoteInfo = OmegaEntitiesExample;
		};
/* End PBXContainerItemProxy section */

/* Begin PBXCopyFilesBuildPhase section */
		A886045D23EC010D009F426F /* Embed Frameworks */ = {
			isa = PBXCopyFilesBuildPhase;
			buildActionMask = 2147483647;
			dstPath = "";
			dstSubfolderSpec = 10;
			files = (
				A886045C23EC010D009F426F /* library.framework in Embed Frameworks */,
			);
			name = "Embed Frameworks";
			runOnlyForDeploymentPostprocessing = 0;
		};
/* End PBXCopyFilesBuildPhase section */

/* Begin PBXFileReference section */
		A886045A23EC010D009F426F /* library.framework */ = {isa = PBXFileReference; lastKnownFileType = wrapper.framework; name = library.framework; path = "../../../library/build/xcode-frameworks/library.framework"; sourceTree = "<group>"; };
		A8E258FA23EBF892000E8E4B /* OmegaEntitiesExample.app */ = {isa = PBXFileReference; explicitFileType = wrapper.application; includeInIndex = 0; path = OmegaEntitiesExample.app; sourceTree = BUILT_PRODUCTS_DIR; };
		A8E258FD23EBF892000E8E4B /* AppDelegate.swift */ = {isa = PBXFileReference; lastKnownFileType = sourcecode.swift; path = AppDelegate.swift; sourceTree = "<group>"; };
		A8E258FF23EBF892000E8E4B /* SceneDelegate.swift */ = {isa = PBXFileReference; lastKnownFileType = sourcecode.swift; path = SceneDelegate.swift; sourceTree = "<group>"; };
		A8E2590123EBF892000E8E4B /* MainView.swift */ = {isa = PBXFileReference; lastKnownFileType = sourcecode.swift; path = MainView.swift; sourceTree = "<group>"; };
		A8E2590323EBF895000E8E4B /* Assets.xcassets */ = {isa = PBXFileReference; lastKnownFileType = folder.assetcatalog; path = Assets.xcassets; sourceTree = "<group>"; };
		A8E2590623EBF895000E8E4B /* Preview Assets.xcassets */ = {isa = PBXFileReference; lastKnownFileType = folder.assetcatalog; path = "Preview Assets.xcassets"; sourceTree = "<group>"; };
		A8E2590923EBF895000E8E4B /* Base */ = {isa = PBXFileReference; lastKnownFileType = file.storyboard; name = Base; path = Base.lproj/LaunchScreen.storyboard; sourceTree = "<group>"; };
		A8E2590B23EBF895000E8E4B /* Info.plist */ = {isa = PBXFileReference; lastKnownFileType = text.plist.xml; path = Info.plist; sourceTree = "<group>"; };
		A8E2591023EBF896000E8E4B /* OmegaEntitiesExampleTests.xctest */ = {isa = PBXFileReference; explicitFileType = wrapper.cfbundle; includeInIndex = 0; path = OmegaEntitiesExampleTests.xctest; sourceTree = BUILT_PRODUCTS_DIR; };
		A8E2591423EBF896000E8E4B /* OmegaEntitiesExampleTests.swift */ = {isa = PBXFileReference; lastKnownFileType = sourcecode.swift; path = OmegaEntitiesExampleTests.swift; sourceTree = "<group>"; };
		A8E2591623EBF896000E8E4B /* Info.plist */ = {isa = PBXFileReference; lastKnownFileType = text.plist.xml; path = Info.plist; sourceTree = "<group>"; };
		A8E2591B23EBF896000E8E4B /* OmegaEntitiesExampleUITests.xctest */ = {isa = PBXFileReference; explicitFileType = wrapper.cfbundle; includeInIndex = 0; path = OmegaEntitiesExampleUITests.xctest; sourceTree = BUILT_PRODUCTS_DIR; };
		A8E2591F23EBF896000E8E4B /* OmegaEntitiesExampleUITests.swift */ = {isa = PBXFileReference; lastKnownFileType = sourcecode.swift; path = OmegaEntitiesExampleUITests.swift; sourceTree = "<group>"; };
		A8E2592123EBF896000E8E4B /* Info.plist */ = {isa = PBXFileReference; lastKnownFileType = text.plist.xml; path = Info.plist; sourceTree = "<group>"; };
		A8E2592E23EBFE99000E8E4B /* TextExamplesView.swift */ = {isa = PBXFileReference; lastKnownFileType = sourcecode.swift; path = TextExamplesView.swift; sourceTree = "<group>"; };
/* End PBXFileReference section */

/* Begin PBXFrameworksBuildPhase section */
		A8E258F723EBF892000E8E4B /* Frameworks */ = {
			isa = PBXFrameworksBuildPhase;
			buildActionMask = 2147483647;
			files = (
				A886045B23EC010D009F426F /* library.framework in Frameworks */,
			);
			runOnlyForDeploymentPostprocessing = 0;
		};
		A8E2590D23EBF896000E8E4B /* Frameworks */ = {
			isa = PBXFrameworksBuildPhase;
			buildActionMask = 2147483647;
			files = (
			);
			runOnlyForDeploymentPostprocessing = 0;
		};
		A8E2591823EBF896000E8E4B /* Frameworks */ = {
			isa = PBXFrameworksBuildPhase;
			buildActionMask = 2147483647;
			files = (
			);
			runOnlyForDeploymentPostprocessing = 0;
		};
/* End PBXFrameworksBuildPhase section */

/* Begin PBXGroup section */
		A886045923EC010C009F426F /* Frameworks */ = {
			isa = PBXGroup;
			children = (
				A886045A23EC010D009F426F /* library.framework */,
			);
			name = Frameworks;
			sourceTree = "<group>";
		};
		A8E258F123EBF892000E8E4B = {
			isa = PBXGroup;
			children = (
				A8E258FC23EBF892000E8E4B /* OmegaEntitiesExample */,
				A8E2591323EBF896000E8E4B /* OmegaEntitiesExampleTests */,
				A8E2591E23EBF896000E8E4B /* OmegaEntitiesExampleUITests */,
				A8E258FB23EBF892000E8E4B /* Products */,
				A886045923EC010C009F426F /* Frameworks */,
			);
			sourceTree = "<group>";
		};
		A8E258FB23EBF892000E8E4B /* Products */ = {
			isa = PBXGroup;
			children = (
				A8E258FA23EBF892000E8E4B /* OmegaEntitiesExample.app */,
				A8E2591023EBF896000E8E4B /* OmegaEntitiesExampleTests.xctest */,
				A8E2591B23EBF896000E8E4B /* OmegaEntitiesExampleUITests.xctest */,
			);
			name = Products;
			sourceTree = "<group>";
		};
		A8E258FC23EBF892000E8E4B /* OmegaEntitiesExample */ = {
			isa = PBXGroup;
			children = (
				A8E2592D23EBFE61000E8E4B /* UI */,
				A8E258FD23EBF892000E8E4B /* AppDelegate.swift */,
				A8E258FF23EBF892000E8E4B /* SceneDelegate.swift */,
				A8E2590323EBF895000E8E4B /* Assets.xcassets */,
				A8E2590823EBF895000E8E4B /* LaunchScreen.storyboard */,
				A8E2590B23EBF895000E8E4B /* Info.plist */,
				A8E2590523EBF895000E8E4B /* Preview Content */,
			);
			path = OmegaEntitiesExample;
			sourceTree = "<group>";
		};
		A8E2590523EBF895000E8E4B /* Preview Content */ = {
			isa = PBXGroup;
			children = (
				A8E2590623EBF895000E8E4B /* Preview Assets.xcassets */,
			);
			path = "Preview Content";
			sourceTree = "<group>";
		};
		A8E2591323EBF896000E8E4B /* OmegaEntitiesExampleTests */ = {
			isa = PBXGroup;
			children = (
				A8E2591423EBF896000E8E4B /* OmegaEntitiesExampleTests.swift */,
				A8E2591623EBF896000E8E4B /* Info.plist */,
			);
			path = OmegaEntitiesExampleTests;
			sourceTree = "<group>";
		};
		A8E2591E23EBF896000E8E4B /* OmegaEntitiesExampleUITests */ = {
			isa = PBXGroup;
			children = (
				A8E2591F23EBF896000E8E4B /* OmegaEntitiesExampleUITests.swift */,
				A8E2592123EBF896000E8E4B /* Info.plist */,
			);
			path = OmegaEntitiesExampleUITests;
			sourceTree = "<group>";
		};
		A8E2592D23EBFE61000E8E4B /* UI */ = {
			isa = PBXGroup;
			children = (
				A8E2590123EBF892000E8E4B /* MainView.swift */,
				A8E2592E23EBFE99000E8E4B /* TextExamplesView.swift */,
			);
			path = UI;
			sourceTree = "<group>";
		};
/* End PBXGroup section */

/* Begin PBXNativeTarget section */
		A8E258F923EBF892000E8E4B /* OmegaEntitiesExample */ = {
			isa = PBXNativeTarget;
			buildConfigurationList = A8E2592423EBF896000E8E4B /* Build configuration list for PBXNativeTarget "OmegaEntitiesExample" */;
			buildPhases = (
				A886045E23EC01D8009F426F /* ShellScript */,
				A8E258F623EBF892000E8E4B /* Sources */,
				A8E258F723EBF892000E8E4B /* Frameworks */,
				A8E258F823EBF892000E8E4B /* Resources */,
				A886045D23EC010D009F426F /* Embed Frameworks */,
			);
			buildRules = (
			);
			dependencies = (
			);
			name = OmegaEntitiesExample;
			productName = OmegaEntitiesExample;
			productReference = A8E258FA23EBF892000E8E4B /* OmegaEntitiesExample.app */;
			productType = "com.apple.product-type.application";
		};
		A8E2590F23EBF896000E8E4B /* OmegaEntitiesExampleTests */ = {
			isa = PBXNativeTarget;
			buildConfigurationList = A8E2592723EBF896000E8E4B /* Build configuration list for PBXNativeTarget "OmegaEntitiesExampleTests" */;
			buildPhases = (
				A8E2590C23EBF896000E8E4B /* Sources */,
				A8E2590D23EBF896000E8E4B /* Frameworks */,
				A8E2590E23EBF896000E8E4B /* Resources */,
			);
			buildRules = (
			);
			dependencies = (
				A8E2591223EBF896000E8E4B /* PBXTargetDependency */,
			);
			name = OmegaEntitiesExampleTests;
			productName = OmegaEntitiesExampleTests;
			productReference = A8E2591023EBF896000E8E4B /* OmegaEntitiesExampleTests.xctest */;
			productType = "com.apple.product-type.bundle.unit-test";
		};
		A8E2591A23EBF896000E8E4B /* OmegaEntitiesExampleUITests */ = {
			isa = PBXNativeTarget;
			buildConfigurationList = A8E2592A23EBF896000E8E4B /* Build configuration list for PBXNativeTarget "OmegaEntitiesExampleUITests" */;
			buildPhases = (
				A8E2591723EBF896000E8E4B /* Sources */,
				A8E2591823EBF896000E8E4B /* Frameworks */,
				A8E2591923EBF896000E8E4B /* Resources */,
			);
			buildRules = (
			);
			dependencies = (
				A8E2591D23EBF896000E8E4B /* PBXTargetDependency */,
			);
			name = OmegaEntitiesExampleUITests;
			productName = OmegaEntitiesExampleUITests;
			productReference = A8E2591B23EBF896000E8E4B /* OmegaEntitiesExampleUITests.xctest */;
			productType = "com.apple.product-type.bundle.ui-testing";
		};
/* End PBXNativeTarget section */

/* Begin PBXProject section */
		A8E258F223EBF892000E8E4B /* Project object */ = {
			isa = PBXProject;
			attributes = {
				LastSwiftUpdateCheck = 1130;
				LastUpgradeCheck = 1130;
				ORGANIZATIONNAME = "Nikita Ivanov";
				TargetAttributes = {
					A8E258F923EBF892000E8E4B = {
						CreatedOnToolsVersion = 11.3;
					};
					A8E2590F23EBF896000E8E4B = {
						CreatedOnToolsVersion = 11.3;
						TestTargetID = A8E258F923EBF892000E8E4B;
					};
					A8E2591A23EBF896000E8E4B = {
						CreatedOnToolsVersion = 11.3;
						TestTargetID = A8E258F923EBF892000E8E4B;
					};
				};
			};
			buildConfigurationList = A8E258F523EBF892000E8E4B /* Build configuration list for PBXProject "OmegaEntitiesExample" */;
			compatibilityVersion = "Xcode 9.3";
			developmentRegion = en;
			hasScannedForEncodings = 0;
			knownRegions = (
				en,
				Base,
			);
			mainGroup = A8E258F123EBF892000E8E4B;
			productRefGroup = A8E258FB23EBF892000E8E4B /* Products */;
			projectDirPath = "";
			projectRoot = "";
			targets = (
				A8E258F923EBF892000E8E4B /* OmegaEntitiesExample */,
				A8E2590F23EBF896000E8E4B /* OmegaEntitiesExampleTests */,
				A8E2591A23EBF896000E8E4B /* OmegaEntitiesExampleUITests */,
			);
		};
/* End PBXProject section */

/* Begin PBXResourcesBuildPhase section */
		A8E258F823EBF892000E8E4B /* Resources */ = {
			isa = PBXResourcesBuildPhase;
			buildActionMask = 2147483647;
			files = (
				A8E2590A23EBF895000E8E4B /* LaunchScreen.storyboard in Resources */,
				A8E2590723EBF895000E8E4B /* Preview Assets.xcassets in Resources */,
				A8E2590423EBF895000E8E4B /* Assets.xcassets in Resources */,
			);
			runOnlyForDeploymentPostprocessing = 0;
		};
		A8E2590E23EBF896000E8E4B /* Resources */ = {
			isa = PBXResourcesBuildPhase;
			buildActionMask = 2147483647;
			files = (
			);
			runOnlyForDeploymentPostprocessing = 0;
		};
		A8E2591923EBF896000E8E4B /* Resources */ = {
			isa = PBXResourcesBuildPhase;
			buildActionMask = 2147483647;
			files = (
			);
			runOnlyForDeploymentPostprocessing = 0;
		};
/* End PBXResourcesBuildPhase section */

/* Begin PBXShellScriptBuildPhase section */
		A886045E23EC01D8009F426F /* ShellScript */ = {
			isa = PBXShellScriptBuildPhase;
			buildActionMask = 2147483647;
			files = (
			);
			inputFileListPaths = (
			);
			inputPaths = (
			);
			outputFileListPaths = (
			);
			outputPaths = (
			);
			runOnlyForDeploymentPostprocessing = 0;
			shellPath = /bin/sh;
			shellScript = "cd \"$SRCROOT/../../../library/build/xcode-frameworks\"\n./gradlew :library:packForXCode -PXCODE_CONFIGURATION=${CONFIGURATION}\n";
		};
/* End PBXShellScriptBuildPhase section */

/* Begin PBXSourcesBuildPhase section */
		A8E258F623EBF892000E8E4B /* Sources */ = {
			isa = PBXSourcesBuildPhase;
			buildActionMask = 2147483647;
			files = (
				A8E2592F23EBFE99000E8E4B /* TextExamplesView.swift in Sources */,
				A8E258FE23EBF892000E8E4B /* AppDelegate.swift in Sources */,
				A8E2590023EBF892000E8E4B /* SceneDelegate.swift in Sources */,
				A8E2590223EBF892000E8E4B /* MainView.swift in Sources */,
			);
			runOnlyForDeploymentPostprocessing = 0;
		};
		A8E2590C23EBF896000E8E4B /* Sources */ = {
			isa = PBXSourcesBuildPhase;
			buildActionMask = 2147483647;
			files = (
				A8E2591523EBF896000E8E4B /* OmegaEntitiesExampleTests.swift in Sources */,
			);
			runOnlyForDeploymentPostprocessing = 0;
		};
		A8E2591723EBF896000E8E4B /* Sources */ = {
			isa = PBXSourcesBuildPhase;
			buildActionMask = 2147483647;
			files = (
				A8E2592023EBF896000E8E4B /* OmegaEntitiesExampleUITests.swift in Sources */,
			);
			runOnlyForDeploymentPostprocessing = 0;
		};
/* End PBXSourcesBuildPhase section */

/* Begin PBXTargetDependency section */
		A8E2591223EBF896000E8E4B /* PBXTargetDependency */ = {
			isa = PBXTargetDependency;
			target = A8E258F923EBF892000E8E4B /* OmegaEntitiesExample */;
			targetProxy = A8E2591123EBF896000E8E4B /* PBXContainerItemProxy */;
		};
		A8E2591D23EBF896000E8E4B /* PBXTargetDependency */ = {
			isa = PBXTargetDependency;
			target = A8E258F923EBF892000E8E4B /* OmegaEntitiesExample */;
			targetProxy = A8E2591C23EBF896000E8E4B /* PBXContainerItemProxy */;
		};
/* End PBXTargetDependency section */

/* Begin PBXVariantGroup section */
		A8E2590823EBF895000E8E4B /* LaunchScreen.storyboard */ = {
			isa = PBXVariantGroup;
			children = (
				A8E2590923EBF895000E8E4B /* Base */,
			);
			name = LaunchScreen.storyboard;
			sourceTree = "<group>";
		};
/* End PBXVariantGroup section */

/* Begin XCBuildConfiguration section */
		A8E2592223EBF896000E8E4B /* Debug */ = {
			isa = XCBuildConfiguration;
			buildSettings = {
				ALWAYS_SEARCH_USER_PATHS = NO;
				CLANG_ANALYZER_NONNULL = YES;
				CLANG_ANALYZER_NUMBER_OBJECT_CONVERSION = YES_AGGRESSIVE;
				CLANG_CXX_LANGUAGE_STANDARD = "gnu++14";
				CLANG_CXX_LIBRARY = "libc++";
				CLANG_ENABLE_MODULES = YES;
				CLANG_ENABLE_OBJC_ARC = YES;
				CLANG_ENABLE_OBJC_WEAK = YES;
				CLANG_WARN_BLOCK_CAPTURE_AUTORELEASING = YES;
				CLANG_WARN_BOOL_CONVERSION = YES;
				CLANG_WARN_COMMA = YES;
				CLANG_WARN_CONSTANT_CONVERSION = YES;
				CLANG_WARN_DEPRECATED_OBJC_IMPLEMENTATIONS = YES;
				CLANG_WARN_DIRECT_OBJC_ISA_USAGE = YES_ERROR;
				CLANG_WARN_DOCUMENTATION_COMMENTS = YES;
				CLANG_WARN_EMPTY_BODY = YES;
				CLANG_WARN_ENUM_CONVERSION = YES;
				CLANG_WARN_INFINITE_RECURSION = YES;
				CLANG_WARN_INT_CONVERSION = YES;
				CLANG_WARN_NON_LITERAL_NULL_CONVERSION = YES;
				CLANG_WARN_OBJC_IMPLICIT_RETAIN_SELF = YES;
				CLANG_WARN_OBJC_LITERAL_CONVERSION = YES;
				CLANG_WARN_OBJC_ROOT_CLASS = YES_ERROR;
				CLANG_WARN_RANGE_LOOP_ANALYSIS = YES;
				CLANG_WARN_STRICT_PROTOTYPES = YES;
				CLANG_WARN_SUSPICIOUS_MOVE = YES;
				CLANG_WARN_UNGUARDED_AVAILABILITY = YES_AGGRESSIVE;
				CLANG_WARN_UNREACHABLE_CODE = YES;
				CLANG_WARN__DUPLICATE_METHOD_MATCH = YES;
				COPY_PHASE_STRIP = NO;
				DEBUG_INFORMATION_FORMAT = dwarf;
				ENABLE_STRICT_OBJC_MSGSEND = YES;
				ENABLE_TESTABILITY = YES;
				GCC_C_LANGUAGE_STANDARD = gnu11;
				GCC_DYNAMIC_NO_PIC = NO;
				GCC_NO_COMMON_BLOCKS = YES;
				GCC_OPTIMIZATION_LEVEL = 0;
				GCC_PREPROCESSOR_DEFINITIONS = (
					"DEBUG=1",
					"$(inherited)",
				);
				GCC_WARN_64_TO_32_BIT_CONVERSION = YES;
				GCC_WARN_ABOUT_RETURN_TYPE = YES_ERROR;
				GCC_WARN_UNDECLARED_SELECTOR = YES;
				GCC_WARN_UNINITIALIZED_AUTOS = YES_AGGRESSIVE;
				GCC_WARN_UNUSED_FUNCTION = YES;
				GCC_WARN_UNUSED_VARIABLE = YES;
				IPHONEOS_DEPLOYMENT_TARGET = 13.2;
				MTL_ENABLE_DEBUG_INFO = INCLUDE_SOURCE;
				MTL_FAST_MATH = YES;
				ONLY_ACTIVE_ARCH = YES;
				SDKROOT = iphoneos;
				SWIFT_ACTIVE_COMPILATION_CONDITIONS = DEBUG;
				SWIFT_OPTIMIZATION_LEVEL = "-Onone";
			};
			name = Debug;
		};
		A8E2592323EBF896000E8E4B /* Release */ = {
			isa = XCBuildConfiguration;
			buildSettings = {
				ALWAYS_SEARCH_USER_PATHS = NO;
				CLANG_ANALYZER_NONNULL = YES;
				CLANG_ANALYZER_NUMBER_OBJECT_CONVERSION = YES_AGGRESSIVE;
				CLANG_CXX_LANGUAGE_STANDARD = "gnu++14";
				CLANG_CXX_LIBRARY = "libc++";
				CLANG_ENABLE_MODULES = YES;
				CLANG_ENABLE_OBJC_ARC = YES;
				CLANG_ENABLE_OBJC_WEAK = YES;
				CLANG_WARN_BLOCK_CAPTURE_AUTORELEASING = YES;
				CLANG_WARN_BOOL_CONVERSION = YES;
				CLANG_WARN_COMMA = YES;
				CLANG_WARN_CONSTANT_CONVERSION = YES;
				CLANG_WARN_DEPRECATED_OBJC_IMPLEMENTATIONS = YES;
				CLANG_WARN_DIRECT_OBJC_ISA_USAGE = YES_ERROR;
				CLANG_WARN_DOCUMENTATION_COMMENTS = YES;
				CLANG_WARN_EMPTY_BODY = YES;
				CLANG_WARN_ENUM_CONVERSION = YES;
				CLANG_WARN_INFINITE_RECURSION = YES;
				CLANG_WARN_INT_CONVERSION = YES;
				CLANG_WARN_NON_LITERAL_NULL_CONVERSION = YES;
				CLANG_WARN_OBJC_IMPLICIT_RETAIN_SELF = YES;
				CLANG_WARN_OBJC_LITERAL_CONVERSION = YES;
				CLANG_WARN_OBJC_ROOT_CLASS = YES_ERROR;
				CLANG_WARN_RANGE_LOOP_ANALYSIS = YES;
				CLANG_WARN_STRICT_PROTOTYPES = YES;
				CLANG_WARN_SUSPICIOUS_MOVE = YES;
				CLANG_WARN_UNGUARDED_AVAILABILITY = YES_AGGRESSIVE;
				CLANG_WARN_UNREACHABLE_CODE = YES;
				CLANG_WARN__DUPLICATE_METHOD_MATCH = YES;
				COPY_PHASE_STRIP = NO;
				DEBUG_INFORMATION_FORMAT = "dwarf-with-dsym";
				ENABLE_NS_ASSERTIONS = NO;
				ENABLE_STRICT_OBJC_MSGSEND = YES;
				GCC_C_LANGUAGE_STANDARD = gnu11;
				GCC_NO_COMMON_BLOCKS = YES;
				GCC_WARN_64_TO_32_BIT_CONVERSION = YES;
				GCC_WARN_ABOUT_RETURN_TYPE = YES_ERROR;
				GCC_WARN_UNDECLARED_SELECTOR = YES;
				GCC_WARN_UNINITIALIZED_AUTOS = YES_AGGRESSIVE;
				GCC_WARN_UNUSED_FUNCTION = YES;
				GCC_WARN_UNUSED_VARIABLE = YES;
				IPHONEOS_DEPLOYMENT_TARGET = 13.2;
				MTL_ENABLE_DEBUG_INFO = NO;
				MTL_FAST_MATH = YES;
				SDKROOT = iphoneos;
				SWIFT_COMPILATION_MODE = wholemodule;
				SWIFT_OPTIMIZATION_LEVEL = "-O";
				VALIDATE_PRODUCT = YES;
			};
			name = Release;
		};
		A8E2592523EBF896000E8E4B /* Debug */ = {
			isa = XCBuildConfiguration;
			buildSettings = {
				ASSETCATALOG_COMPILER_APPICON_NAME = AppIcon;
				CODE_SIGN_STYLE = Automatic;
				DEVELOPMENT_ASSET_PATHS = "\"OmegaEntitiesExample/Preview Content\"";
				DEVELOPMENT_TEAM = NWAXZVJAA5;
				ENABLE_PREVIEWS = YES;
				FRAMEWORK_SEARCH_PATHS = "$(SRCROOT)/../../../library/build/xcode-frameworks";
				INFOPLIST_FILE = OmegaEntitiesExample/Info.plist;
				LD_RUNPATH_SEARCH_PATHS = (
					"$(inherited)",
					"@executable_path/Frameworks",
				);
				PRODUCT_BUNDLE_IDENTIFIER = com.omegar.OmegaEntitiesExample;
				PRODUCT_NAME = "$(TARGET_NAME)";
				SWIFT_VERSION = 5.0;
				TARGETED_DEVICE_FAMILY = "1,2";
			};
			name = Debug;
		};
		A8E2592623EBF896000E8E4B /* Release */ = {
			isa = XCBuildConfiguration;
			buildSettings = {
				ASSETCATALOG_COMPILER_APPICON_NAME = AppIcon;
				CODE_SIGN_STYLE = Automatic;
				DEVELOPMENT_ASSET_PATHS = "\"OmegaEntitiesExample/Preview Content\"";
				DEVELOPMENT_TEAM = NWAXZVJAA5;
				ENABLE_PREVIEWS = YES;
				FRAMEWORK_SEARCH_PATHS = "$(SRCROOT)/../../../library/build/xcode-frameworks";
				INFOPLIST_FILE = OmegaEntitiesExample/Info.plist;
				LD_RUNPATH_SEARCH_PATHS = (
					"$(inherited)",
					"@executable_path/Frameworks",
				);
				PRODUCT_BUNDLE_IDENTIFIER = com.omegar.OmegaEntitiesExample;
				PRODUCT_NAME = "$(TARGET_NAME)";
				SWIFT_VERSION = 5.0;
				TARGETED_DEVICE_FAMILY = "1,2";
			};
			name = Release;
		};
		A8E2592823EBF896000E8E4B /* Debug */ = {
			isa = XCBuildConfiguration;
			buildSettings = {
				ALWAYS_EMBED_SWIFT_STANDARD_LIBRARIES = YES;
				BUNDLE_LOADER = "$(TEST_HOST)";
				CODE_SIGN_STYLE = Automatic;
				DEVELOPMENT_TEAM = NWAXZVJAA5;
				INFOPLIST_FILE = OmegaEntitiesExampleTests/Info.plist;
				IPHONEOS_DEPLOYMENT_TARGET = 13.2;
				LD_RUNPATH_SEARCH_PATHS = (
					"$(inherited)",
					"@executable_path/Frameworks",
					"@loader_path/Frameworks",
				);
				PRODUCT_BUNDLE_IDENTIFIER = com.omegar.OmegaEntitiesExampleTests;
				PRODUCT_NAME = "$(TARGET_NAME)";
				SWIFT_VERSION = 5.0;
				TARGETED_DEVICE_FAMILY = "1,2";
				TEST_HOST = "$(BUILT_PRODUCTS_DIR)/OmegaEntitiesExample.app/OmegaEntitiesExample";
			};
			name = Debug;
		};
		A8E2592923EBF896000E8E4B /* Release */ = {
			isa = XCBuildConfiguration;
			buildSettings = {
				ALWAYS_EMBED_SWIFT_STANDARD_LIBRARIES = YES;
				BUNDLE_LOADER = "$(TEST_HOST)";
				CODE_SIGN_STYLE = Automatic;
				DEVELOPMENT_TEAM = NWAXZVJAA5;
				INFOPLIST_FILE = OmegaEntitiesExampleTests/Info.plist;
				IPHONEOS_DEPLOYMENT_TARGET = 13.2;
				LD_RUNPATH_SEARCH_PATHS = (
					"$(inherited)",
					"@executable_path/Frameworks",
					"@loader_path/Frameworks",
				);
				PRODUCT_BUNDLE_IDENTIFIER = com.omegar.OmegaEntitiesExampleTests;
				PRODUCT_NAME = "$(TARGET_NAME)";
				SWIFT_VERSION = 5.0;
				TARGETED_DEVICE_FAMILY = "1,2";
				TEST_HOST = "$(BUILT_PRODUCTS_DIR)/OmegaEntitiesExample.app/OmegaEntitiesExample";
			};
			name = Release;
		};
		A8E2592B23EBF896000E8E4B /* Debug */ = {
			isa = XCBuildConfiguration;
			buildSettings = {
				ALWAYS_EMBED_SWIFT_STANDARD_LIBRARIES = YES;
				CODE_SIGN_STYLE = Automatic;
				DEVELOPMENT_TEAM = NWAXZVJAA5;
				INFOPLIST_FILE = OmegaEntitiesExampleUITests/Info.plist;
				LD_RUNPATH_SEARCH_PATHS = (
					"$(inherited)",
					"@executable_path/Frameworks",
					"@loader_path/Frameworks",
				);
				PRODUCT_BUNDLE_IDENTIFIER = com.omegar.OmegaEntitiesExampleUITests;
				PRODUCT_NAME = "$(TARGET_NAME)";
				SWIFT_VERSION = 5.0;
				TARGETED_DEVICE_FAMILY = "1,2";
				TEST_TARGET_NAME = OmegaEntitiesExample;
			};
			name = Debug;
		};
		A8E2592C23EBF896000E8E4B /* Release */ = {
			isa = XCBuildConfiguration;
			buildSettings = {
				ALWAYS_EMBED_SWIFT_STANDARD_LIBRARIES = YES;
				CODE_SIGN_STYLE = Automatic;
				DEVELOPMENT_TEAM = NWAXZVJAA5;
				INFOPLIST_FILE = OmegaEntitiesExampleUITests/Info.plist;
				LD_RUNPATH_SEARCH_PATHS = (
					"$(inherited)",
					"@executable_path/Frameworks",
					"@loader_path/Frameworks",
				);
				PRODUCT_BUNDLE_IDENTIFIER = com.omegar.OmegaEntitiesExampleUITests;
				PRODUCT_NAME = "$(TARGET_NAME)";
				SWIFT_VERSION = 5.0;
				TARGETED_DEVICE_FAMILY = "1,2";
				TEST_TARGET_NAME = OmegaEntitiesExample;
			};
			name = Release;
		};
/* End XCBuildConfiguration section */

/* Begin XCConfigurationList section */
		A8E258F523EBF892000E8E4B /* Build configuration list for PBXProject "OmegaEntitiesExample" */ = {
			isa = XCConfigurationList;
			buildConfigurations = (
				A8E2592223EBF896000E8E4B /* Debug */,
				A8E2592323EBF896000E8E4B /* Release */,
			);
			defaultConfigurationIsVisible = 0;
			defaultConfigurationName = Release;
		};
		A8E2592423EBF896000E8E4B /* Build configuration list for PBXNativeTarget "OmegaEntitiesExample" */ = {
			isa = XCConfigurationList;
			buildConfigurations = (
				A8E2592523EBF896000E8E4B /* Debug */,
				A8E2592623EBF896000E8E4B /* Release */,
			);
			defaultConfigurationIsVisible = 0;
			defaultConfigurationName = Release;
		};
		A8E2592723EBF896000E8E4B /* Build configuration list for PBXNativeTarget "OmegaEntitiesExampleTests" */ = {
			isa = XCConfigurationList;
			buildConfigurations = (
				A8E2592823EBF896000E8E4B /* Debug */,
				A8E2592923EBF896000E8E4B /* Release */,
			);
			defaultConfigurationIsVisible = 0;
			defaultConfigurationName = Release;
		};
		A8E2592A23EBF896000E8E4B /* Build configuration list for PBXNativeTarget "OmegaEntitiesExampleUITests" */ = {
			isa = XCConfigurationList;
			buildConfigurations = (
				A8E2592B23EBF896000E8E4B /* Debug */,
				A8E2592C23EBF896000E8E4B /* Release */,
			);
			defaultConfigurationIsVisible = 0;
			defaultConfigurationName = Release;
		};
/* End XCConfigurationList section */
	};
	rootObject = A8E258F223EBF892000E8E4B /* Project object */;
}
